// !$*UTF8*$!
{
	archiveVersion = 1;
	classes = {
	};
	objectVersion = 46;
	objects = {

/* Begin PBXBuildFile section */
		3CB545941D4557AA00C53E92 /* SwiftyStoryboard.h in Headers */ = {isa = PBXBuildFile; fileRef = 3CB545931D4557AA00C53E92 /* SwiftyStoryboard.h */; settings = {ATTRIBUTES = (Public, ); }; };
		3CB5459B1D4557AA00C53E92 /* SwiftyStoryboard.framework in Frameworks */ = {isa = PBXBuildFile; fileRef = 3CB545901D4557AA00C53E92 /* SwiftyStoryboard.framework */; };
		3CB545A01D4557AB00C53E92 /* StaticTypeSegueIdentifierSupportTests.swift in Sources */ = {isa = PBXBuildFile; fileRef = 3CB5459F1D4557AB00C53E92 /* StaticTypeSegueIdentifierSupportTests.swift */; };
		3CB545AB1D455A3D00C53E92 /* TypedSegueIdentifier.swift in Sources */ = {isa = PBXBuildFile; fileRef = 3CB545AA1D455A3D00C53E92 /* TypedSegueIdentifier.swift */; };
		3CB545AD1D455D9200C53E92 /* StaticTypeSegueSupport.swift in Sources */ = {isa = PBXBuildFile; fileRef = 3CB545AC1D455D9200C53E92 /* StaticTypeSegueSupport.swift */; };
		3CB545AF1D455F8600C53E92 /* StaticTypeSegueIdentifier.storyboard in Resources */ = {isa = PBXBuildFile; fileRef = 3CB545AE1D455F8600C53E92 /* StaticTypeSegueIdentifier.storyboard */; };
		3CB545B11D455F9400C53E92 /* TestVCs.swift in Sources */ = {isa = PBXBuildFile; fileRef = 3CB545B01D455F9400C53E92 /* TestVCs.swift */; };
		3CB545B21D45603B00C53E92 /* TypedSegueIdentifier.swift in Sources */ = {isa = PBXBuildFile; fileRef = 3CB545AA1D455A3D00C53E92 /* TypedSegueIdentifier.swift */; };
		3CB545B31D45603D00C53E92 /* StaticTypeSegueSupport.swift in Sources */ = {isa = PBXBuildFile; fileRef = 3CB545AC1D455D9200C53E92 /* StaticTypeSegueSupport.swift */; };
		3CB545BD1D45A89900C53E92 /* TryCatch.h in Headers */ = {isa = PBXBuildFile; fileRef = 3CB545BB1D45A89900C53E92 /* TryCatch.h */; settings = {ATTRIBUTES = (Public, ); }; };
		3CB545BE1D45A89900C53E92 /* TryCatch.m in Sources */ = {isa = PBXBuildFile; fileRef = 3CB545BC1D45A89900C53E92 /* TryCatch.m */; };
		3CD737BA1D46B96900066F9E /* StaticTypeSegueSupportTests.swift in Sources */ = {isa = PBXBuildFile; fileRef = 3CD737B91D46B96900066F9E /* StaticTypeSegueSupportTests.swift */; };
/* End PBXBuildFile section */

/* Begin PBXContainerItemProxy section */
		3CB5459C1D4557AA00C53E92 /* PBXContainerItemProxy */ = {
			isa = PBXContainerItemProxy;
			containerPortal = 3CB545871D4557AA00C53E92 /* Project object */;
			proxyType = 1;
			remoteGlobalIDString = 3CB5458F1D4557AA00C53E92;
			remoteInfo = SwiftyStoryboard;
		};
/* End PBXContainerItemProxy section */

/* Begin PBXFileReference section */
		3CB545901D4557AA00C53E92 /* SwiftyStoryboard.framework */ = {isa = PBXFileReference; explicitFileType = wrapper.framework; includeInIndex = 0; path = SwiftyStoryboard.framework; sourceTree = BUILT_PRODUCTS_DIR; };
		3CB545931D4557AA00C53E92 /* SwiftyStoryboard.h */ = {isa = PBXFileReference; lastKnownFileType = sourcecode.c.h; path = SwiftyStoryboard.h; sourceTree = "<group>"; };
		3CB545951D4557AA00C53E92 /* Info.plist */ = {isa = PBXFileReference; lastKnownFileType = text.plist.xml; path = Info.plist; sourceTree = "<group>"; };
		3CB5459A1D4557AA00C53E92 /* SwiftyStoryboardTests.xctest */ = {isa = PBXFileReference; explicitFileType = wrapper.cfbundle; includeInIndex = 0; path = SwiftyStoryboardTests.xctest; sourceTree = BUILT_PRODUCTS_DIR; };
		3CB5459F1D4557AB00C53E92 /* StaticTypeSegueIdentifierSupportTests.swift */ = {isa = PBXFileReference; lastKnownFileType = sourcecode.swift; path = StaticTypeSegueIdentifierSupportTests.swift; sourceTree = "<group>"; };
		3CB545A11D4557AB00C53E92 /* Info.plist */ = {isa = PBXFileReference; lastKnownFileType = text.plist.xml; path = Info.plist; sourceTree = "<group>"; };
		3CB545AA1D455A3D00C53E92 /* TypedSegueIdentifier.swift */ = {isa = PBXFileReference; fileEncoding = 4; lastKnownFileType = sourcecode.swift; path = TypedSegueIdentifier.swift; sourceTree = "<group>"; };
		3CB545AC1D455D9200C53E92 /* StaticTypeSegueSupport.swift */ = {isa = PBXFileReference; fileEncoding = 4; lastKnownFileType = sourcecode.swift; path = StaticTypeSegueSupport.swift; sourceTree = "<group>"; };
		3CB545AE1D455F8600C53E92 /* StaticTypeSegueIdentifier.storyboard */ = {isa = PBXFileReference; fileEncoding = 4; lastKnownFileType = file.storyboard; path = StaticTypeSegueIdentifier.storyboard; sourceTree = "<group>"; };
		3CB545B01D455F9400C53E92 /* TestVCs.swift */ = {isa = PBXFileReference; fileEncoding = 4; lastKnownFileType = sourcecode.swift; path = TestVCs.swift; sourceTree = "<group>"; };
		3CB545B41D4568BE00C53E92 /* SwiftyStoryboardTests-Bridging-Header.h */ = {isa = PBXFileReference; lastKnownFileType = sourcecode.c.h; path = "SwiftyStoryboardTests-Bridging-Header.h"; sourceTree = "<group>"; };
		3CB545BB1D45A89900C53E92 /* TryCatch.h */ = {isa = PBXFileReference; fileEncoding = 4; lastKnownFileType = sourcecode.c.h; path = TryCatch.h; sourceTree = "<group>"; };
		3CB545BC1D45A89900C53E92 /* TryCatch.m */ = {isa = PBXFileReference; fileEncoding = 4; lastKnownFileType = sourcecode.c.objc; path = TryCatch.m; sourceTree = "<group>"; };
		3CD737B91D46B96900066F9E /* StaticTypeSegueSupportTests.swift */ = {isa = PBXFileReference; fileEncoding = 4; lastKnownFileType = sourcecode.swift; path = StaticTypeSegueSupportTests.swift; sourceTree = "<group>"; };
/* End PBXFileReference section */

/* Begin PBXFrameworksBuildPhase section */
		3CB5458C1D4557AA00C53E92 /* Frameworks */ = {
			isa = PBXFrameworksBuildPhase;
			buildActionMask = 2147483647;
			files = (
			);
			runOnlyForDeploymentPostprocessing = 0;
		};
		3CB545971D4557AA00C53E92 /* Frameworks */ = {
			isa = PBXFrameworksBuildPhase;
			buildActionMask = 2147483647;
			files = (
				3CB5459B1D4557AA00C53E92 /* SwiftyStoryboard.framework in Frameworks */,
			);
			runOnlyForDeploymentPostprocessing = 0;
		};
/* End PBXFrameworksBuildPhase section */

/* Begin PBXGroup section */
		3CB545861D4557AA00C53E92 = {
			isa = PBXGroup;
			children = (
				3CB545921D4557AA00C53E92 /* SwiftyStoryboard */,
				3CB5459E1D4557AA00C53E92 /* SwiftyStoryboardTests */,
				3CB545911D4557AA00C53E92 /* Products */,
			);
			sourceTree = "<group>";
		};
		3CB545911D4557AA00C53E92 /* Products */ = {
			isa = PBXGroup;
			children = (
				3CB545901D4557AA00C53E92 /* SwiftyStoryboard.framework */,
				3CB5459A1D4557AA00C53E92 /* SwiftyStoryboardTests.xctest */,
			);
			name = Products;
			sourceTree = "<group>";
		};
		3CB545921D4557AA00C53E92 /* SwiftyStoryboard */ = {
			isa = PBXGroup;
			children = (
				3CB545BB1D45A89900C53E92 /* TryCatch.h */,
				3CB545BC1D45A89900C53E92 /* TryCatch.m */,
				3CB545931D4557AA00C53E92 /* SwiftyStoryboard.h */,
				3CB545951D4557AA00C53E92 /* Info.plist */,
				3CB545AA1D455A3D00C53E92 /* TypedSegueIdentifier.swift */,
				3CB545AC1D455D9200C53E92 /* StaticTypeSegueSupport.swift */,
			);
			path = SwiftyStoryboard;
			sourceTree = "<group>";
		};
		3CB5459E1D4557AA00C53E92 /* SwiftyStoryboardTests */ = {
			isa = PBXGroup;
			children = (
				3CB5459F1D4557AB00C53E92 /* StaticTypeSegueIdentifierSupportTests.swift */,
				3CD737B91D46B96900066F9E /* StaticTypeSegueSupportTests.swift */,
				3CB545A11D4557AB00C53E92 /* Info.plist */,
				3CB545AE1D455F8600C53E92 /* StaticTypeSegueIdentifier.storyboard */,
				3CB545B01D455F9400C53E92 /* TestVCs.swift */,
				3CB545B41D4568BE00C53E92 /* SwiftyStoryboardTests-Bridging-Header.h */,
			);
			path = SwiftyStoryboardTests;
			sourceTree = "<group>";
		};
/* End PBXGroup section */

/* Begin PBXHeadersBuildPhase section */
		3CB5458D1D4557AA00C53E92 /* Headers */ = {
			isa = PBXHeadersBuildPhase;
			buildActionMask = 2147483647;
			files = (
				3CB545BD1D45A89900C53E92 /* TryCatch.h in Headers */,
				3CB545941D4557AA00C53E92 /* SwiftyStoryboard.h in Headers */,
			);
			runOnlyForDeploymentPostprocessing = 0;
		};
/* End PBXHeadersBuildPhase section */

/* Begin PBXNativeTarget section */
		3CB5458F1D4557AA00C53E92 /* SwiftyStoryboard */ = {
			isa = PBXNativeTarget;
			buildConfigurationList = 3CB545A41D4557AB00C53E92 /* Build configuration list for PBXNativeTarget "SwiftyStoryboard" */;
			buildPhases = (
				3CB5458B1D4557AA00C53E92 /* Sources */,
				3CB5458C1D4557AA00C53E92 /* Frameworks */,
				3CB5458D1D4557AA00C53E92 /* Headers */,
				3CB5458E1D4557AA00C53E92 /* Resources */,
			);
			buildRules = (
			);
			dependencies = (
			);
			name = SwiftyStoryboard;
			productName = SwiftyStoryboard;
			productReference = 3CB545901D4557AA00C53E92 /* SwiftyStoryboard.framework */;
			productType = "com.apple.product-type.framework";
		};
		3CB545991D4557AA00C53E92 /* SwiftyStoryboardTests */ = {
			isa = PBXNativeTarget;
			buildConfigurationList = 3CB545A71D4557AB00C53E92 /* Build configuration list for PBXNativeTarget "SwiftyStoryboardTests" */;
			buildPhases = (
				3CB545961D4557AA00C53E92 /* Sources */,
				3CB545971D4557AA00C53E92 /* Frameworks */,
				3CB545981D4557AA00C53E92 /* Resources */,
			);
			buildRules = (
			);
			dependencies = (
				3CB5459D1D4557AA00C53E92 /* PBXTargetDependency */,
			);
			name = SwiftyStoryboardTests;
			productName = SwiftyStoryboardTests;
			productReference = 3CB5459A1D4557AA00C53E92 /* SwiftyStoryboardTests.xctest */;
			productType = "com.apple.product-type.bundle.unit-test";
		};
/* End PBXNativeTarget section */

/* Begin PBXProject section */
		3CB545871D4557AA00C53E92 /* Project object */ = {
			isa = PBXProject;
			attributes = {
				LastSwiftUpdateCheck = 0730;
				LastUpgradeCheck = 0730;
				ORGANIZATIONNAME = "Sergey Gavrilyuk";
				TargetAttributes = {
					3CB5458F1D4557AA00C53E92 = {
						CreatedOnToolsVersion = 7.3.1;
					};
					3CB545991D4557AA00C53E92 = {
						CreatedOnToolsVersion = 7.3.1;
					};
				};
			};
			buildConfigurationList = 3CB5458A1D4557AA00C53E92 /* Build configuration list for PBXProject "SwiftyStoryboard" */;
			compatibilityVersion = "Xcode 3.2";
			developmentRegion = English;
			hasScannedForEncodings = 0;
			knownRegions = (
				en,
			);
			mainGroup = 3CB545861D4557AA00C53E92;
			productRefGroup = 3CB545911D4557AA00C53E92 /* Products */;
			projectDirPath = "";
			projectRoot = "";
			targets = (
				3CB5458F1D4557AA00C53E92 /* SwiftyStoryboard */,
				3CB545991D4557AA00C53E92 /* SwiftyStoryboardTests */,
			);
		};
/* End PBXProject section */

/* Begin PBXResourcesBuildPhase section */
		3CB5458E1D4557AA00C53E92 /* Resources */ = {
			isa = PBXResourcesBuildPhase;
			buildActionMask = 2147483647;
			files = (
			);
			runOnlyForDeploymentPostprocessing = 0;
		};
		3CB545981D4557AA00C53E92 /* Resources */ = {
			isa = PBXResourcesBuildPhase;
			buildActionMask = 2147483647;
			files = (
				3CB545AF1D455F8600C53E92 /* StaticTypeSegueIdentifier.storyboard in Resources */,
			);
			runOnlyForDeploymentPostprocessing = 0;
		};
/* End PBXResourcesBuildPhase section */

/* Begin PBXSourcesBuildPhase section */
		3CB5458B1D4557AA00C53E92 /* Sources */ = {
			isa = PBXSourcesBuildPhase;
			buildActionMask = 2147483647;
			files = (
				3CB545AB1D455A3D00C53E92 /* TypedSegueIdentifier.swift in Sources */,
				3CB545AD1D455D9200C53E92 /* StaticTypeSegueSupport.swift in Sources */,
				3CB545BE1D45A89900C53E92 /* TryCatch.m in Sources */,
			);
			runOnlyForDeploymentPostprocessing = 0;
		};
		3CB545961D4557AA00C53E92 /* Sources */ = {
			isa = PBXSourcesBuildPhase;
			buildActionMask = 2147483647;
			files = (
				3CB545B11D455F9400C53E92 /* TestVCs.swift in Sources */,
				3CB545B21D45603B00C53E92 /* TypedSegueIdentifier.swift in Sources */,
				3CB545A01D4557AB00C53E92 /* StaticTypeSegueIdentifierSupportTests.swift in Sources */,
				3CB545B31D45603D00C53E92 /* StaticTypeSegueSupport.swift in Sources */,
				3CD737BA1D46B96900066F9E /* StaticTypeSegueSupportTests.swift in Sources */,
			);
			runOnlyForDeploymentPostprocessing = 0;
		};
/* End PBXSourcesBuildPhase section */

/* Begin PBXTargetDependency section */
		3CB5459D1D4557AA00C53E92 /* PBXTargetDependency */ = {
			isa = PBXTargetDependency;
			target = 3CB5458F1D4557AA00C53E92 /* SwiftyStoryboard */;
			targetProxy = 3CB5459C1D4557AA00C53E92 /* PBXContainerItemProxy */;
		};
/* End PBXTargetDependency section */

/* Begin XCBuildConfiguration section */
		3CB545A21D4557AB00C53E92 /* Debug */ = {
			isa = XCBuildConfiguration;
			buildSettings = {
				ALWAYS_SEARCH_USER_PATHS = NO;
				CLANG_ANALYZER_NONNULL = YES;
				CLANG_CXX_LANGUAGE_STANDARD = "gnu++0x";
				CLANG_CXX_LIBRARY = "libc++";
				CLANG_ENABLE_MODULES = YES;
				CLANG_ENABLE_OBJC_ARC = YES;
				CLANG_WARN_BOOL_CONVERSION = YES;
				CLANG_WARN_CONSTANT_CONVERSION = YES;
				CLANG_WARN_DIRECT_OBJC_ISA_USAGE = YES_ERROR;
				CLANG_WARN_EMPTY_BODY = YES;
				CLANG_WARN_ENUM_CONVERSION = YES;
				CLANG_WARN_INT_CONVERSION = YES;
				CLANG_WARN_OBJC_ROOT_CLASS = YES_ERROR;
				CLANG_WARN_UNREACHABLE_CODE = YES;
				CLANG_WARN__DUPLICATE_METHOD_MATCH = YES;
				"CODE_SIGN_IDENTITY[sdk=iphoneos*]" = "iPhone Developer";
				COPY_PHASE_STRIP = NO;
				CURRENT_PROJECT_VERSION = 1;
				DEBUG_INFORMATION_FORMAT = dwarf;
				ENABLE_STRICT_OBJC_MSGSEND = YES;
				ENABLE_TESTABILITY = YES;
				GCC_C_LANGUAGE_STANDARD = gnu99;
				GCC_DYNAMIC_NO_PIC = NO;
				GCC_NO_COMMON_BLOCKS = YES;
				GCC_OPTIMIZATION_LEVEL = 0;
				GCC_PREPROCESSOR_DEFINITIONS = (
					"DEBUG=1",
					"$(inherited)",
				);
				GCC_WARN_64_TO_32_BIT_CONVERSION = YES;
				GCC_WARN_ABOUT_RETURN_TYPE = YES_ERROR;
				GCC_WARN_UNDECLARED_SELECTOR = YES;
				GCC_WARN_UNINITIALIZED_AUTOS = YES_AGGRESSIVE;
				GCC_WARN_UNUSED_FUNCTION = YES;
				GCC_WARN_UNUSED_VARIABLE = YES;
				IPHONEOS_DEPLOYMENT_TARGET = 9.3;
				MTL_ENABLE_DEBUG_INFO = YES;
				ONLY_ACTIVE_ARCH = YES;
				SDKROOT = iphoneos;
				SWIFT_OPTIMIZATION_LEVEL = "-Onone";
				TARGETED_DEVICE_FAMILY = "1,2";
				VERSIONING_SYSTEM = "apple-generic";
				VERSION_INFO_PREFIX = "";
			};
			name = Debug;
		};
		3CB545A31D4557AB00C53E92 /* Release */ = {
			isa = XCBuildConfiguration;
			buildSettings = {
				ALWAYS_SEARCH_USER_PATHS = NO;
				CLANG_ANALYZER_NONNULL = YES;
				CLANG_CXX_LANGUAGE_STANDARD = "gnu++0x";
				CLANG_CXX_LIBRARY = "libc++";
				CLANG_ENABLE_MODULES = YES;
				CLANG_ENABLE_OBJC_ARC = YES;
				CLANG_WARN_BOOL_CONVERSION = YES;
				CLANG_WARN_CONSTANT_CONVERSION = YES;
				CLANG_WARN_DIRECT_OBJC_ISA_USAGE = YES_ERROR;
				CLANG_WARN_EMPTY_BODY = YES;
				CLANG_WARN_ENUM_CONVERSION = YES;
				CLANG_WARN_INT_CONVERSION = YES;
				CLANG_WARN_OBJC_ROOT_CLASS = YES_ERROR;
				CLANG_WARN_UNREACHABLE_CODE = YES;
				CLANG_WARN__DUPLICATE_METHOD_MATCH = YES;
				"CODE_SIGN_IDENTITY[sdk=iphoneos*]" = "iPhone Developer";
				COPY_PHASE_STRIP = NO;
				CURRENT_PROJECT_VERSION = 1;
				DEBUG_INFORMATION_FORMAT = "dwarf-with-dsym";
				ENABLE_NS_ASSERTIONS = NO;
				ENABLE_STRICT_OBJC_MSGSEND = YES;
				GCC_C_LANGUAGE_STANDARD = gnu99;
				GCC_NO_COMMON_BLOCKS = YES;
				GCC_WARN_64_TO_32_BIT_CONVERSION = YES;
				GCC_WARN_ABOUT_RETURN_TYPE = YES_ERROR;
				GCC_WARN_UNDECLARED_SELECTOR = YES;
				GCC_WARN_UNINITIALIZED_AUTOS = YES_AGGRESSIVE;
				GCC_WARN_UNUSED_FUNCTION = YES;
				GCC_WARN_UNUSED_VARIABLE = YES;
				IPHONEOS_DEPLOYMENT_TARGET = 9.3;
				MTL_ENABLE_DEBUG_INFO = NO;
				SDKROOT = iphoneos;
				TARGETED_DEVICE_FAMILY = "1,2";
				VALIDATE_PRODUCT = YES;
				VERSIONING_SYSTEM = "apple-generic";
				VERSION_INFO_PREFIX = "";
			};
			name = Release;
		};
		3CB545A51D4557AB00C53E92 /* Debug */ = {
			isa = XCBuildConfiguration;
			buildSettings = {
				CLANG_ALLOW_NON_MODULAR_INCLUDES_IN_FRAMEWORK_MODULES = NO;
				CLANG_ENABLE_MODULES = YES;
				DEFINES_MODULE = YES;
				DYLIB_COMPATIBILITY_VERSION = 1;
				DYLIB_CURRENT_VERSION = 1;
				DYLIB_INSTALL_NAME_BASE = "@rpath";
				INFOPLIST_FILE = SwiftyStoryboard/Info.plist;
				INSTALL_PATH = "$(LOCAL_LIBRARY_DIR)/Frameworks";
				IPHONEOS_DEPLOYMENT_TARGET = 8.0;
				LD_RUNPATH_SEARCH_PATHS = "$(inherited) @executable_path/Frameworks @loader_path/Frameworks";
				PRODUCT_BUNDLE_IDENTIFIER = com.gavrix.SwiftyStoryboard;
				PRODUCT_NAME = "$(TARGET_NAME)";
				SKIP_INSTALL = YES;
				SWIFT_OBJC_BRIDGING_HEADER = "";
				SWIFT_OPTIMIZATION_LEVEL = "-Onone";
			};
			name = Debug;
		};
		3CB545A61D4557AB00C53E92 /* Release */ = {
			isa = XCBuildConfiguration;
			buildSettings = {
				CLANG_ALLOW_NON_MODULAR_INCLUDES_IN_FRAMEWORK_MODULES = NO;
				CLANG_ENABLE_MODULES = YES;
				DEFINES_MODULE = YES;
				DYLIB_COMPATIBILITY_VERSION = 1;
				DYLIB_CURRENT_VERSION = 1;
				DYLIB_INSTALL_NAME_BASE = "@rpath";
				INFOPLIST_FILE = SwiftyStoryboard/Info.plist;
				INSTALL_PATH = "$(LOCAL_LIBRARY_DIR)/Frameworks";
				IPHONEOS_DEPLOYMENT_TARGET = 8.0;
				LD_RUNPATH_SEARCH_PATHS = "$(inherited) @executable_path/Frameworks @loader_path/Frameworks";
				PRODUCT_BUNDLE_IDENTIFIER = com.gavrix.SwiftyStoryboard;
				PRODUCT_NAME = "$(TARGET_NAME)";
				SKIP_INSTALL = YES;
				SWIFT_OBJC_BRIDGING_HEADER = "";
			};
			name = Release;
		};
		3CB545A81D4557AB00C53E92 /* Debug */ = {
			isa = XCBuildConfiguration;
			buildSettings = {
				CLANG_ENABLE_MODULES = YES;
				INFOPLIST_FILE = SwiftyStoryboardTests/Info.plist;
				LD_RUNPATH_SEARCH_PATHS = "$(inherited) @executable_path/Frameworks @loader_path/Frameworks";
				PRODUCT_BUNDLE_IDENTIFIER = com.gavrix.SwiftyStoryboardTests;
				PRODUCT_NAME = "$(TARGET_NAME)";
				SWIFT_OBJC_BRIDGING_HEADER = "SwiftyStoryboardTests/SwiftyStoryboardTests-Bridging-Header.h";
				SWIFT_OPTIMIZATION_LEVEL = "-Onone";
			};
			name = Debug;
		};
		3CB545A91D4557AB00C53E92 /* Release */ = {
			isa = XCBuildConfiguration;
			buildSettings = {
				CLANG_ENABLE_MODULES = YES;
				INFOPLIST_FILE = SwiftyStoryboardTests/Info.plist;
				LD_RUNPATH_SEARCH_PATHS = "$(inherited) @executable_path/Frameworks @loader_path/Frameworks";
				PRODUCT_BUNDLE_IDENTIFIER = com.gavrix.SwiftyStoryboardTests;
				PRODUCT_NAME = "$(TARGET_NAME)";
				SWIFT_OBJC_BRIDGING_HEADER = "SwiftyStoryboardTests/SwiftyStoryboardTests-Bridging-Header.h";
			};
			name = Release;
		};
/* End XCBuildConfiguration section */

/* Begin XCConfigurationList section */
		3CB5458A1D4557AA00C53E92 /* Build configuration list for PBXProject "SwiftyStoryboard" */ = {
			isa = XCConfigurationList;
			buildConfigurations = (
				3CB545A21D4557AB00C53E92 /* Debug */,
				3CB545A31D4557AB00C53E92 /* Release */,
			);
			defaultConfigurationIsVisible = 0;
			defaultConfigurationName = Release;
		};
		3CB545A41D4557AB00C53E92 /* Build configuration list for PBXNativeTarget "SwiftyStoryboard" */ = {
			isa = XCConfigurationList;
			buildConfigurations = (
				3CB545A51D4557AB00C53E92 /* Debug */,
				3CB545A61D4557AB00C53E92 /* Release */,
			);
			defaultConfigurationIsVisible = 0;
			defaultConfigurationName = Release;
		};
		3CB545A71D4557AB00C53E92 /* Build configuration list for PBXNativeTarget "SwiftyStoryboardTests" */ = {
			isa = XCConfigurationList;
			buildConfigurations = (
				3CB545A81D4557AB00C53E92 /* Debug */,
				3CB545A91D4557AB00C53E92 /* Release */,
			);
			defaultConfigurationIsVisible = 0;
			defaultConfigurationName = Release;
		};
/* End XCConfigurationList section */
	};
	rootObject = 3CB545871D4557AA00C53E92 /* Project object */;
}
